// !$*UTF8*$!
{
   archiveVersion = "1";
   objectVersion = "46";
   objects = {
      "OBJ_1" = {
         isa = "PBXProject";
         attributes = {
            LastSwiftMigration = "9999";
            LastUpgradeCheck = "9999";
         };
         buildConfigurationList = "OBJ_2";
         compatibilityVersion = "Xcode 3.2";
         developmentRegion = "en";
         hasScannedForEncodings = "0";
         knownRegions = (
            "en"
         );
         mainGroup = "OBJ_5";
         productRefGroup = "OBJ_22";
         projectDirPath = ".";
         targets = (
            "StringsGenerator::StringsGenerator",
            "StringsGenerator::StringsGeneratorCore",
            "StringsGenerator::SwiftPMPackageDescription",
            "StringsGenerator::StringsGeneratorPackageTests::ProductTarget",
            "StringsGenerator::StringsGeneratorTests"
         );
      };
      "OBJ_10" = {
         isa = "PBXGroup";
         children = (
            "OBJ_11",
            "OBJ_16",
            "OBJ_17"
         );
         name = "StringsGeneratorCore";
         path = "Sources/StringsGeneratorCore";
         sourceTree = "SOURCE_ROOT";
      };
      "OBJ_11" = {
         isa = "PBXGroup";
         children = (
            "OBJ_12",
            "OBJ_13",
            "OBJ_14",
            "OBJ_15"
         );
         name = "Classes";
         path = "Classes";
         sourceTree = "<group>";
      };
      "OBJ_12" = {
         isa = "PBXFileReference";
         path = "StringGraph.swift";
         sourceTree = "<group>";
      };
      "OBJ_13" = {
         isa = "PBXFileReference";
         path = "StringName.swift";
         sourceTree = "<group>";
      };
      "OBJ_14" = {
         isa = "PBXFileReference";
         path = "StringNode.swift";
         sourceTree = "<group>";
      };
      "OBJ_15" = {
         isa = "PBXFileReference";
         path = "StringParser.swift";
         sourceTree = "<group>";
      };
      "OBJ_16" = {
         isa = "PBXFileReference";
         path = "Escaping.swift";
         sourceTree = "<group>";
      };
      "OBJ_17" = {
         isa = "PBXFileReference";
         path = "StringsGenerator.swift";
         sourceTree = "<group>";
      };
      "OBJ_18" = {
         isa = "PBXGroup";
         children = (
            "OBJ_19"
         );
         name = "Tests";
         path = "";
         sourceTree = "SOURCE_ROOT";
      };
      "OBJ_19" = {
         isa = "PBXGroup";
         children = (
            "OBJ_20",
            "OBJ_21"
         );
         name = "StringsGeneratorTests";
         path = "Tests/StringsGeneratorTests";
         sourceTree = "SOURCE_ROOT";
      };
      "OBJ_2" = {
         isa = "XCConfigurationList";
         buildConfigurations = (
            "OBJ_3",
            "OBJ_4"
         );
         defaultConfigurationIsVisible = "0";
         defaultConfigurationName = "Release";
      };
      "OBJ_20" = {
         isa = "PBXFileReference";
         path = "StringsGeneratorTests.swift";
         sourceTree = "<group>";
      };
      "OBJ_21" = {
         isa = "PBXFileReference";
         path = "XCTestManifests.swift";
         sourceTree = "<group>";
      };
      "OBJ_22" = {
         isa = "PBXGroup";
         children = (
            "StringsGenerator::StringsGenerator::Product",
            "StringsGenerator::StringsGeneratorCore::Product",
            "StringsGenerator::StringsGeneratorTests::Product"
         );
         name = "Products";
         path = "";
         sourceTree = "BUILT_PRODUCTS_DIR";
      };
      "OBJ_27" = {
         isa = "XCConfigurationList";
         buildConfigurations = (
            "OBJ_28",
            "OBJ_29"
         );
         defaultConfigurationIsVisible = "0";
         defaultConfigurationName = "Release";
      };
      "OBJ_28" = {
         isa = "XCBuildConfiguration";
         buildSettings = {
            FRAMEWORK_SEARCH_PATHS = (
               "$(inherited)",
               "$(PLATFORM_DIR)/Developer/Library/Frameworks"
            );
            HEADER_SEARCH_PATHS = (
               "$(inherited)"
            );
            INFOPLIST_FILE = "StringsGenerator.xcodeproj/StringsGenerator_Info.plist";
            IPHONEOS_DEPLOYMENT_TARGET = "8.0";
            LD_RUNPATH_SEARCH_PATHS = (
               "$(inherited)",
               "$(TOOLCHAIN_DIR)/usr/lib/swift/macosx",
               "@executable_path"
            );
            MACOSX_DEPLOYMENT_TARGET = "10.10";
            OTHER_CFLAGS = (
               "$(inherited)"
            );
            OTHER_LDFLAGS = (
               "$(inherited)"
            );
            OTHER_SWIFT_FLAGS = (
               "$(inherited)"
            );
            SWIFT_ACTIVE_COMPILATION_CONDITIONS = (
               "$(inherited)"
            );
            SWIFT_FORCE_DYNAMIC_LINK_STDLIB = "YES";
            SWIFT_FORCE_STATIC_LINK_STDLIB = "NO";
            SWIFT_VERSION = "5.0";
            TARGET_NAME = "StringsGenerator";
            TVOS_DEPLOYMENT_TARGET = "9.0";
            WATCHOS_DEPLOYMENT_TARGET = "2.0";
         };
         name = "Debug";
      };
      "OBJ_29" = {
         isa = "XCBuildConfiguration";
         buildSettings = {
            FRAMEWORK_SEARCH_PATHS = (
               "$(inherited)",
               "$(PLATFORM_DIR)/Developer/Library/Frameworks"
            );
            HEADER_SEARCH_PATHS = (
               "$(inherited)"
            );
            INFOPLIST_FILE = "StringsGenerator.xcodeproj/StringsGenerator_Info.plist";
            IPHONEOS_DEPLOYMENT_TARGET = "8.0";
            LD_RUNPATH_SEARCH_PATHS = (
               "$(inherited)",
               "$(TOOLCHAIN_DIR)/usr/lib/swift/macosx",
               "@executable_path"
            );
            MACOSX_DEPLOYMENT_TARGET = "10.10";
            OTHER_CFLAGS = (
               "$(inherited)"
            );
            OTHER_LDFLAGS = (
               "$(inherited)"
            );
            OTHER_SWIFT_FLAGS = (
               "$(inherited)"
            );
            SWIFT_ACTIVE_COMPILATION_CONDITIONS = (
               "$(inherited)"
            );
            SWIFT_FORCE_DYNAMIC_LINK_STDLIB = "YES";
            SWIFT_FORCE_STATIC_LINK_STDLIB = "NO";
            SWIFT_VERSION = "5.0";
            TARGET_NAME = "StringsGenerator";
            TVOS_DEPLOYMENT_TARGET = "9.0";
            WATCHOS_DEPLOYMENT_TARGET = "2.0";
         };
         name = "Release";
      };
      "OBJ_3" = {
         isa = "XCBuildConfiguration";
         buildSettings = {
            CLANG_ENABLE_OBJC_ARC = "YES";
            COMBINE_HIDPI_IMAGES = "YES";
            COPY_PHASE_STRIP = "NO";
            DEBUG_INFORMATION_FORMAT = "dwarf";
            DYLIB_INSTALL_NAME_BASE = "@rpath";
            ENABLE_NS_ASSERTIONS = "YES";
            GCC_OPTIMIZATION_LEVEL = "0";
            GCC_PREPROCESSOR_DEFINITIONS = (
               "$(inherited)",
               "SWIFT_PACKAGE=1",
               "DEBUG=1"
            );
            MACOSX_DEPLOYMENT_TARGET = "10.10";
            ONLY_ACTIVE_ARCH = "YES";
            OTHER_SWIFT_FLAGS = (
               "$(inherited)",
               "-DXcode"
            );
            PRODUCT_NAME = "$(TARGET_NAME)";
            SDKROOT = "macosx";
            SUPPORTED_PLATFORMS = (
               "macosx",
               "iphoneos",
               "iphonesimulator",
               "appletvos",
               "appletvsimulator",
               "watchos",
               "watchsimulator"
            );
            SWIFT_ACTIVE_COMPILATION_CONDITIONS = (
               "$(inherited)",
               "SWIFT_PACKAGE",
               "DEBUG"
            );
            SWIFT_OPTIMIZATION_LEVEL = "-Onone";
            USE_HEADERMAP = "NO";
         };
         name = "Debug";
      };
      "OBJ_30" = {
         isa = "PBXSourcesBuildPhase";
         files = (
            "OBJ_31"
         );
      };
      "OBJ_31" = {
         isa = "PBXBuildFile";
         fileRef = "OBJ_9";
      };
      "OBJ_32" = {
         isa = "PBXFrameworksBuildPhase";
         files = (
            "OBJ_33"
         );
      };
      "OBJ_33" = {
         isa = "PBXBuildFile";
         fileRef = "StringsGenerator::StringsGeneratorCore::Product";
      };
      "OBJ_34" = {
         isa = "PBXTargetDependency";
         target = "StringsGenerator::StringsGeneratorCore";
      };
      "OBJ_36" = {
         isa = "XCConfigurationList";
         buildConfigurations = (
            "OBJ_37",
            "OBJ_38"
         );
         defaultConfigurationIsVisible = "0";
         defaultConfigurationName = "Release";
      };
      "OBJ_37" = {
         isa = "XCBuildConfiguration";
         buildSettings = {
            ENABLE_TESTABILITY = "YES";
            FRAMEWORK_SEARCH_PATHS = (
               "$(inherited)",
               "$(PLATFORM_DIR)/Developer/Library/Frameworks"
            );
            HEADER_SEARCH_PATHS = (
               "$(inherited)"
            );
            INFOPLIST_FILE = "StringsGenerator.xcodeproj/StringsGeneratorCore_Info.plist";
            IPHONEOS_DEPLOYMENT_TARGET = "8.0";
            LD_RUNPATH_SEARCH_PATHS = (
               "$(inherited)",
               "$(TOOLCHAIN_DIR)/usr/lib/swift/macosx"
            );
            MACOSX_DEPLOYMENT_TARGET = "10.10";
            OTHER_CFLAGS = (
               "$(inherited)"
            );
            OTHER_LDFLAGS = (
               "$(inherited)"
            );
            OTHER_SWIFT_FLAGS = (
               "$(inherited)"
            );
            PRODUCT_BUNDLE_IDENTIFIER = "StringsGeneratorCore";
            PRODUCT_MODULE_NAME = "$(TARGET_NAME:c99extidentifier)";
            PRODUCT_NAME = "$(TARGET_NAME:c99extidentifier)";
            SKIP_INSTALL = "YES";
            SWIFT_ACTIVE_COMPILATION_CONDITIONS = (
               "$(inherited)"
            );
            SWIFT_VERSION = "5.0";
            TARGET_NAME = "StringsGeneratorCore";
            TVOS_DEPLOYMENT_TARGET = "9.0";
            WATCHOS_DEPLOYMENT_TARGET = "2.0";
         };
         name = "Debug";
      };
      "OBJ_38" = {
         isa = "XCBuildConfiguration";
         buildSettings = {
            ENABLE_TESTABILITY = "YES";
            FRAMEWORK_SEARCH_PATHS = (
               "$(inherited)",
               "$(PLATFORM_DIR)/Developer/Library/Frameworks"
            );
            HEADER_SEARCH_PATHS = (
               "$(inherited)"
            );
            INFOPLIST_FILE = "StringsGenerator.xcodeproj/StringsGeneratorCore_Info.plist";
            IPHONEOS_DEPLOYMENT_TARGET = "8.0";
            LD_RUNPATH_SEARCH_PATHS = (
               "$(inherited)",
               "$(TOOLCHAIN_DIR)/usr/lib/swift/macosx"
            );
            MACOSX_DEPLOYMENT_TARGET = "10.10";
            OTHER_CFLAGS = (
               "$(inherited)"
            );
            OTHER_LDFLAGS = (
               "$(inherited)"
            );
            OTHER_SWIFT_FLAGS = (
               "$(inherited)"
            );
            PRODUCT_BUNDLE_IDENTIFIER = "StringsGeneratorCore";
            PRODUCT_MODULE_NAME = "$(TARGET_NAME:c99extidentifier)";
            PRODUCT_NAME = "$(TARGET_NAME:c99extidentifier)";
            SKIP_INSTALL = "YES";
            SWIFT_ACTIVE_COMPILATION_CONDITIONS = (
               "$(inherited)"
            );
            SWIFT_VERSION = "5.0";
            TARGET_NAME = "StringsGeneratorCore";
            TVOS_DEPLOYMENT_TARGET = "9.0";
            WATCHOS_DEPLOYMENT_TARGET = "2.0";
         };
         name = "Release";
      };
      "OBJ_39" = {
         isa = "PBXSourcesBuildPhase";
         files = (
            "OBJ_40",
            "OBJ_41",
            "OBJ_42",
            "OBJ_43",
            "OBJ_44",
            "OBJ_45"
         );
      };
      "OBJ_4" = {
         isa = "XCBuildConfiguration";
         buildSettings = {
            CLANG_ENABLE_OBJC_ARC = "YES";
            COMBINE_HIDPI_IMAGES = "YES";
            COPY_PHASE_STRIP = "YES";
            DEBUG_INFORMATION_FORMAT = "dwarf-with-dsym";
            DYLIB_INSTALL_NAME_BASE = "@rpath";
            GCC_OPTIMIZATION_LEVEL = "s";
            GCC_PREPROCESSOR_DEFINITIONS = (
               "$(inherited)",
               "SWIFT_PACKAGE=1"
            );
            MACOSX_DEPLOYMENT_TARGET = "10.10";
            OTHER_SWIFT_FLAGS = (
               "$(inherited)",
               "-DXcode"
            );
            PRODUCT_NAME = "$(TARGET_NAME)";
            SDKROOT = "macosx";
            SUPPORTED_PLATFORMS = (
               "macosx",
               "iphoneos",
               "iphonesimulator",
               "appletvos",
               "appletvsimulator",
               "watchos",
               "watchsimulator"
            );
            SWIFT_ACTIVE_COMPILATION_CONDITIONS = (
               "$(inherited)",
               "SWIFT_PACKAGE"
            );
            SWIFT_OPTIMIZATION_LEVEL = "-Owholemodule";
            USE_HEADERMAP = "NO";
         };
         name = "Release";
      };
      "OBJ_40" = {
         isa = "PBXBuildFile";
         fileRef = "OBJ_12";
      };
      "OBJ_41" = {
         isa = "PBXBuildFile";
         fileRef = "OBJ_13";
      };
      "OBJ_42" = {
         isa = "PBXBuildFile";
         fileRef = "OBJ_14";
      };
      "OBJ_43" = {
         isa = "PBXBuildFile";
         fileRef = "OBJ_15";
      };
      "OBJ_44" = {
         isa = "PBXBuildFile";
         fileRef = "OBJ_16";
      };
      "OBJ_45" = {
         isa = "PBXBuildFile";
         fileRef = "OBJ_17";
      };
      "OBJ_46" = {
         isa = "PBXFrameworksBuildPhase";
         files = (
         );
      };
      "OBJ_48" = {
         isa = "XCConfigurationList";
         buildConfigurations = (
            "OBJ_49",
            "OBJ_50"
         );
         defaultConfigurationIsVisible = "0";
         defaultConfigurationName = "Release";
      };
      "OBJ_49" = {
         isa = "XCBuildConfiguration";
         buildSettings = {
            LD = "/usr/bin/true";
            OTHER_SWIFT_FLAGS = (
               "-swift-version",
               "5",
               "-I",
               "$(TOOLCHAIN_DIR)/usr/lib/swift/pm/4_2",
               "-target",
               "x86_64-apple-macosx10.10",
               "-sdk",
               "/Applications/Xcode.app/Contents/Developer/Platforms/MacOSX.platform/Developer/SDKs/MacOSX10.15.sdk",
               "-package-description-version",
               "5"
            );
            SWIFT_VERSION = "5.0";
         };
         name = "Debug";
      };
      "OBJ_5" = {
         isa = "PBXGroup";
         children = (
            "OBJ_6",
            "OBJ_7",
            "OBJ_18",
            "OBJ_22"
         );
         path = "";
         sourceTree = "<group>";
      };
      "OBJ_50" = {
         isa = "XCBuildConfiguration";
         buildSettings = {
            LD = "/usr/bin/true";
            OTHER_SWIFT_FLAGS = (
               "-swift-version",
               "5",
               "-I",
               "$(TOOLCHAIN_DIR)/usr/lib/swift/pm/4_2",
               "-target",
               "x86_64-apple-macosx10.10",
               "-sdk",
               "/Applications/Xcode.app/Contents/Developer/Platforms/MacOSX.platform/Developer/SDKs/MacOSX10.15.sdk",
               "-package-description-version",
               "5"
            );
            SWIFT_VERSION = "5.0";
         };
         name = "Release";
      };
      "OBJ_51" = {
         isa = "PBXSourcesBuildPhase";
         files = (
            "OBJ_52"
         );
      };
      "OBJ_52" = {
         isa = "PBXBuildFile";
         fileRef = "OBJ_6";
      };
      "OBJ_54" = {
         isa = "XCConfigurationList";
         buildConfigurations = (
            "OBJ_55",
            "OBJ_56"
         );
         defaultConfigurationIsVisible = "0";
         defaultConfigurationName = "Release";
      };
      "OBJ_55" = {
         isa = "XCBuildConfiguration";
         buildSettings = {
         };
         name = "Debug";
      };
      "OBJ_56" = {
         isa = "XCBuildConfiguration";
         buildSettings = {
         };
         name = "Release";
      };
      "OBJ_57" = {
         isa = "PBXTargetDependency";
         target = "StringsGenerator::StringsGeneratorTests";
      };
      "OBJ_59" = {
         isa = "XCConfigurationList";
         buildConfigurations = (
            "OBJ_60",
            "OBJ_61"
         );
         defaultConfigurationIsVisible = "0";
         defaultConfigurationName = "Release";
      };
      "OBJ_6" = {
         isa = "PBXFileReference";
         explicitFileType = "sourcecode.swift";
         path = "Package.swift";
         sourceTree = "<group>";
      };
      "OBJ_60" = {
         isa = "XCBuildConfiguration";
         buildSettings = {
            CLANG_ENABLE_MODULES = "YES";
            EMBEDDED_CONTENT_CONTAINS_SWIFT = "YES";
            FRAMEWORK_SEARCH_PATHS = (
               "$(inherited)",
               "$(PLATFORM_DIR)/Developer/Library/Frameworks"
            );
            HEADER_SEARCH_PATHS = (
               "$(inherited)"
            );
            INFOPLIST_FILE = "StringsGenerator.xcodeproj/StringsGeneratorTests_Info.plist";
            IPHONEOS_DEPLOYMENT_TARGET = "8.0";
            LD_RUNPATH_SEARCH_PATHS = (
               "$(inherited)",
               "@loader_path/../Frameworks",
               "@loader_path/Frameworks"
            );
            MACOSX_DEPLOYMENT_TARGET = "10.10";
            OTHER_CFLAGS = (
               "$(inherited)"
            );
            OTHER_LDFLAGS = (
               "$(inherited)"
            );
            OTHER_SWIFT_FLAGS = (
               "$(inherited)"
            );
            SWIFT_ACTIVE_COMPILATION_CONDITIONS = (
               "$(inherited)"
            );
            SWIFT_VERSION = "5.0";
            TARGET_NAME = "StringsGeneratorTests";
            TVOS_DEPLOYMENT_TARGET = "9.0";
            WATCHOS_DEPLOYMENT_TARGET = "2.0";
         };
         name = "Debug";
      };
      "OBJ_61" = {
         isa = "XCBuildConfiguration";
         buildSettings = {
            CLANG_ENABLE_MODULES = "YES";
            EMBEDDED_CONTENT_CONTAINS_SWIFT = "YES";
            FRAMEWORK_SEARCH_PATHS = (
               "$(inherited)",
               "$(PLATFORM_DIR)/Developer/Library/Frameworks"
            );
            HEADER_SEARCH_PATHS = (
               "$(inherited)"
            );
            INFOPLIST_FILE = "StringsGenerator.xcodeproj/StringsGeneratorTests_Info.plist";
            IPHONEOS_DEPLOYMENT_TARGET = "8.0";
            LD_RUNPATH_SEARCH_PATHS = (
               "$(inherited)",
               "@loader_path/../Frameworks",
               "@loader_path/Frameworks"
            );
            MACOSX_DEPLOYMENT_TARGET = "10.10";
            OTHER_CFLAGS = (
               "$(inherited)"
            );
            OTHER_LDFLAGS = (
               "$(inherited)"
            );
            OTHER_SWIFT_FLAGS = (
               "$(inherited)"
            );
            SWIFT_ACTIVE_COMPILATION_CONDITIONS = (
               "$(inherited)"
            );
            SWIFT_VERSION = "5.0";
            TARGET_NAME = "StringsGeneratorTests";
            TVOS_DEPLOYMENT_TARGET = "9.0";
            WATCHOS_DEPLOYMENT_TARGET = "2.0";
         };
         name = "Release";
      };
      "OBJ_62" = {
         isa = "PBXSourcesBuildPhase";
         files = (
            "OBJ_63",
            "OBJ_64"
         );
      };
      "OBJ_63" = {
         isa = "PBXBuildFile";
         fileRef = "OBJ_20";
      };
      "OBJ_64" = {
         isa = "PBXBuildFile";
         fileRef = "OBJ_21";
      };
      "OBJ_65" = {
         isa = "PBXFrameworksBuildPhase";
         files = (
            "OBJ_66"
         );
      };
      "OBJ_66" = {
         isa = "PBXBuildFile";
         fileRef = "StringsGenerator::StringsGeneratorCore::Product";
      };
      "OBJ_67" = {
         isa = "PBXTargetDependency";
         target = "StringsGenerator::StringsGenerator";
      };
      "OBJ_68" = {
         isa = "PBXTargetDependency";
         target = "StringsGenerator::StringsGeneratorCore";
      };
      "OBJ_7" = {
         isa = "PBXGroup";
         children = (
            "OBJ_8",
            "OBJ_10"
         );
         name = "Sources";
         path = "";
         sourceTree = "SOURCE_ROOT";
      };
      "OBJ_8" = {
         isa = "PBXGroup";
         children = (
            "OBJ_9"
         );
         name = "StringsGenerator";
         path = "Sources/StringsGenerator";
         sourceTree = "SOURCE_ROOT";
      };
      "OBJ_9" = {
         isa = "PBXFileReference";
         path = "main.swift";
         sourceTree = "<group>";
      };
      "StringsGenerator::StringsGenerator" = {
         isa = "PBXNativeTarget";
         buildConfigurationList = "OBJ_27";
         buildPhases = (
            "OBJ_30",
            "OBJ_32"
         );
         dependencies = (
            "OBJ_34"
         );
         name = "StringsGenerator";
         productName = "StringsGenerator";
         productReference = "StringsGenerator::StringsGenerator::Product";
         productType = "com.apple.product-type.tool";
      };
      "StringsGenerator::StringsGenerator::Product" = {
         isa = "PBXFileReference";
         path = "StringsGenerator";
         sourceTree = "BUILT_PRODUCTS_DIR";
      };
      "StringsGenerator::StringsGeneratorCore" = {
         isa = "PBXNativeTarget";
         buildConfigurationList = "OBJ_36";
         buildPhases = (
            "OBJ_39",
            "OBJ_46"
         );
         dependencies = (
         );
         name = "StringsGeneratorCore";
         productName = "StringsGeneratorCore";
         productReference = "StringsGenerator::StringsGeneratorCore::Product";
         productType = "com.apple.product-type.framework";
      };
      "StringsGenerator::StringsGeneratorCore::Product" = {
         isa = "PBXFileReference";
         path = "StringsGeneratorCore.framework";
         sourceTree = "BUILT_PRODUCTS_DIR";
      };
      "StringsGenerator::StringsGeneratorPackageTests::ProductTarget" = {
         isa = "PBXAggregateTarget";
         buildConfigurationList = "OBJ_54";
         buildPhases = (
         );
         dependencies = (
            "OBJ_57"
         );
         name = "StringsGeneratorPackageTests";
         productName = "StringsGeneratorPackageTests";
      };
      "StringsGenerator::StringsGeneratorTests" = {
         isa = "PBXNativeTarget";
         buildConfigurationList = "OBJ_59";
         buildPhases = (
            "OBJ_62",
            "OBJ_65"
         );
         dependencies = (
            "OBJ_67",
            "OBJ_68"
         );
         name = "StringsGeneratorTests";
         productName = "StringsGeneratorTests";
         productReference = "StringsGenerator::StringsGeneratorTests::Product";
         productType = "com.apple.product-type.bundle.unit-test";
      };
      "StringsGenerator::StringsGeneratorTests::Product" = {
         isa = "PBXFileReference";
         path = "StringsGeneratorTests.xctest";
         sourceTree = "BUILT_PRODUCTS_DIR";
      };
      "StringsGenerator::SwiftPMPackageDescription" = {
         isa = "PBXNativeTarget";
         buildConfigurationList = "OBJ_48";
         buildPhases = (
            "OBJ_51"
         );
         dependencies = (
         );
         name = "StringsGeneratorPackageDescription";
         productName = "StringsGeneratorPackageDescription";
         productType = "com.apple.product-type.framework";
      };
   };
   rootObject = "OBJ_1";
}
